{
  "name": "an-monkey-worker",
  "lockfileVersion": 3,
  "requires": true,
  "packages": {
    "": {
      "name": "an-monkey-worker",
      "dependencies": {
        "@prisma/adapter-d1": "^6.6.0",
        "@prisma/client": "^6.6.0",
        "dotenv": "^16.5.0",
        "hono": "^4.7.4",
        "uuid": "^11.1.0"
      },
      "devDependencies": {
        "@cloudflare/workers-types": "^4.20250214.0",
        "prisma": "^6.6.0",
        "wrangler": "^4.10.0"
      }
    },
    "../../node_modules/.pnpm/@cloudflare+workers-types@4.20250313.0/node_modules/@cloudflare/workers-types": {
      "version": "4.20250313.0",
      "dev": true,
      "license": "MIT OR Apache-2.0"
    },
    "../../node_modules/.pnpm/@prisma+adapter-d1@6.6.0/node_modules/@prisma/adapter-d1": {
      "version": "6.6.0",
      "license": "Apache-2.0",
      "dependencies": {
        "@cloudflare/workers-types": "4.20250214.0",
        "@prisma/driver-adapter-utils": "6.6.0",
        "ky": "1.7.5",
        "miniflare": "^3.20250214.0"
      }
    },
    "../../node_modules/.pnpm/@prisma+client@6.6.0_prisma@6.6.0/node_modules/@prisma/client": {
      "version": "6.6.0",
      "hasInstallScript": true,
      "license": "Apache-2.0",
      "devDependencies": {
        "@cloudflare/workers-types": "4.20250214.0",
        "@codspeed/benchmark.js-plugin": "4.0.0",
        "@faker-js/faker": "9.6.0",
        "@fast-check/jest": "2.0.3",
        "@inquirer/prompts": "7.3.3",
        "@jest/create-cache-key-function": "29.7.0",
        "@jest/globals": "29.7.0",
        "@jest/test-sequencer": "29.7.0",
        "@libsql/client": "0.8.0",
        "@neondatabase/serverless": "0.10.2",
        "@opentelemetry/api": "1.9.0",
        "@opentelemetry/context-async-hooks": "2.0.0",
        "@opentelemetry/instrumentation": "0.57.2",
        "@opentelemetry/resources": "1.30.1",
        "@opentelemetry/sdk-trace-base": "1.30.1",
        "@opentelemetry/semantic-conventions": "1.30.0",
        "@planetscale/database": "1.19.0",
        "@prisma/adapter-d1": "6.6.0",
        "@prisma/adapter-libsql": "6.6.0",
        "@prisma/adapter-neon": "6.6.0",
        "@prisma/adapter-pg": "6.6.0",
        "@prisma/adapter-pg-worker": "6.6.0",
        "@prisma/adapter-planetscale": "6.6.0",
        "@prisma/client-common": "6.6.0",
        "@prisma/client-engine-runtime": "6.6.0",
        "@prisma/client-generator-js": "6.6.0",
        "@prisma/client-generator-ts": "6.6.0",
        "@prisma/config": "6.6.0",
        "@prisma/debug": "6.6.0",
        "@prisma/dmmf": "6.6.0",
        "@prisma/driver-adapter-utils": "6.6.0",
        "@prisma/engines": "6.6.0",
        "@prisma/engines-version": "6.6.0-53.f676762280b54cd07c770017ed3711ddde35f37a",
        "@prisma/fetch-engine": "6.6.0",
        "@prisma/generator": "6.6.0",
        "@prisma/generator-helper": "6.6.0",
        "@prisma/get-platform": "6.6.0",
        "@prisma/instrumentation": "6.6.0",
        "@prisma/internals": "6.6.0",
        "@prisma/migrate": "6.6.0",
        "@prisma/mini-proxy": "0.9.5",
        "@prisma/pg-worker": "6.6.0",
        "@prisma/query-compiler-wasm": "6.6.0-53.f676762280b54cd07c770017ed3711ddde35f37a",
        "@prisma/query-engine-wasm": "6.6.0-53.f676762280b54cd07c770017ed3711ddde35f37a",
        "@prisma/ts-builders": "6.6.0",
        "@snaplet/copycat": "6.0.0",
        "@swc-node/register": "1.10.9",
        "@swc/core": "1.11.5",
        "@swc/jest": "0.2.37",
        "@timsuchanek/copy": "1.4.5",
        "@types/debug": "4.1.12",
        "@types/fs-extra": "11.0.4",
        "@types/jest": "29.5.14",
        "@types/js-levenshtein": "1.1.3",
        "@types/mssql": "9.1.5",
        "@types/node": "18.19.76",
        "@types/pg": "8.11.11",
        "arg": "5.0.2",
        "benchmark": "2.1.4",
        "decimal.js": "10.5.0",
        "esbuild": "0.25.1",
        "execa": "5.1.1",
        "expect-type": "1.2.0",
        "fs-extra": "11.3.0",
        "get-stream": "6.0.1",
        "globby": "11.1.0",
        "indent-string": "4.0.0",
        "jest": "29.7.0",
        "jest-extended": "4.0.2",
        "jest-junit": "16.0.0",
        "jest-serializer-ansi-escapes": "4.0.0",
        "jest-snapshot": "29.7.0",
        "js-levenshtein": "1.1.6",
        "kleur": "4.1.5",
        "klona": "2.0.6",
        "mariadb": "3.4.0",
        "memfs": "4.17.0",
        "mssql": "11.0.1",
        "new-github-issue-url": "0.2.1",
        "node-fetch": "3.3.2",
        "p-retry": "4.6.2",
        "pg": "8.14.1",
        "resolve": "1.22.10",
        "rimraf": "6.0.1",
        "simple-statistics": "7.8.8",
        "sort-keys": "5.1.0",
        "source-map-support": "0.5.21",
        "sql-template-tag": "5.2.1",
        "stacktrace-parser": "0.1.11",
        "strip-ansi": "6.0.1",
        "strip-indent": "4.0.0",
        "tempy": "3.0.0",
        "ts-node": "10.9.2",
        "ts-pattern": "5.6.2",
        "tsd": "0.31.2",
        "typescript": "5.4.5",
        "undici": "7.4.0",
        "wrangler": "3.111.0",
        "zx": "8.4.1"
      },
      "engines": {
        "node": ">=18.18"
      },
      "peerDependencies": {
        "prisma": "*",
        "typescript": ">=5.1.0"
      },
      "peerDependenciesMeta": {
        "prisma": {
          "optional": true
        },
        "typescript": {
          "optional": true
        }
      }
    },
    "../../node_modules/.pnpm/hono@4.7.4/node_modules/hono": {
      "version": "4.7.4",
      "license": "MIT",
      "devDependencies": {
        "@hono/eslint-config": "^1.0.2",
        "@hono/node-server": "^1.13.5",
        "@types/glob": "^8.1.0",
        "@types/jsdom": "^21.1.7",
        "@types/node": "20.11.4",
        "@types/supertest": "^2.0.16",
        "@vitest/coverage-v8": "^3.0.5",
        "arg": "^5.0.2",
        "bun-types": "^1.1.39",
        "esbuild": "^0.15.18",
        "eslint": "^9.10.0",
        "glob": "^11.0.0",
        "jsdom": "^22.1.0",
        "msw": "^2.6.0",
        "np": "10.2.0",
        "prettier": "^2.6.2",
        "publint": "^0.1.16",
        "supertest": "^6.3.4",
        "typescript": "^5.3.3",
        "vite-plugin-fastly-js-compute": "^0.4.2",
        "vitest": "^3.0.5",
        "wrangler": "3.58.0",
        "ws": "^8.18.0",
        "zod": "^3.23.8"
      },
      "engines": {
        "node": ">=16.9.0"
      }
    },
    "../../node_modules/.pnpm/prisma@6.6.0/node_modules/prisma": {
      "version": "6.6.0",
      "dev": true,
      "hasInstallScript": true,
      "license": "Apache-2.0",
      "dependencies": {
        "@prisma/config": "6.6.0",
        "@prisma/engines": "6.6.0"
      },
      "bin": {
        "prisma": "build/index.js"
      },
      "devDependencies": {
        "@antfu/ni": "0.21.12",
        "@inquirer/prompts": "7.3.3",
        "@libsql/client": "0.8.1",
        "@modelcontextprotocol/sdk": "1.7.0",
        "@prisma/adapter-libsql": "6.6.0",
        "@prisma/client": "6.6.0",
        "@prisma/client-generator-registry": "6.6.0",
        "@prisma/debug": "6.6.0",
        "@prisma/dmmf": "6.6.0",
        "@prisma/fetch-engine": "6.6.0",
        "@prisma/generator": "6.6.0",
        "@prisma/get-platform": "6.6.0",
        "@prisma/internals": "6.6.0",
        "@prisma/migrate": "6.6.0",
        "@prisma/mini-proxy": "0.9.5",
        "@prisma/studio": "0.511.0",
        "@prisma/studio-server": "0.511.0",
        "@swc/core": "1.11.5",
        "@swc/jest": "0.2.37",
        "@types/debug": "4.1.12",
        "@types/fs-extra": "11.0.4",
        "@types/jest": "29.5.14",
        "@types/node": "18.19.76",
        "@types/rimraf": "4.0.5",
        "async-listen": "3.1.0",
        "checkpoint-client": "1.1.33",
        "chokidar": "3.6.0",
        "debug": "4.4.0",
        "dotenv": "16.4.7",
        "effect": "3.12.10",
        "env-paths": "2.2.1",
        "esbuild": "0.25.1",
        "execa": "5.1.1",
        "fast-glob": "3.3.3",
        "fs-extra": "11.3.0",
        "fs-jetpack": "5.1.0",
        "get-port": "5.1.1",
        "get-tsconfig": "4.10.0",
        "global-dirs": "4.0.0",
        "jest": "29.7.0",
        "jest-junit": "16.0.0",
        "kleur": "4.1.5",
        "line-replace": "2.0.1",
        "log-update": "6.1.0",
        "node-fetch": "3.3.2",
        "npm-packlist": "5.1.3",
        "open": "7.4.2",
        "ora": "8.2.0",
        "pkg-up": "3.1.0",
        "resolve-pkg": "2.0.0",
        "rimraf": "6.0.1",
        "strip-ansi": "6.0.1",
        "ts-pattern": "5.6.2",
        "typescript": "5.4.5",
        "xdg-app-paths": "8.3.0",
        "zod": "3.24.2",
        "zx": "8.4.1"
      },
      "engines": {
        "node": ">=18.18"
      },
      "optionalDependencies": {
        "fsevents": "2.3.3"
      },
      "peerDependencies": {
        "typescript": ">=5.1.0"
      },
      "peerDependenciesMeta": {
        "typescript": {
          "optional": true
        }
      }
    },
    "../../node_modules/.pnpm/wrangler@4.10.0_@cloudflare+workers-types@4.20250313.0/node_modules/wrangler": {
      "version": "4.10.0",
      "dev": true,
      "license": "MIT OR Apache-2.0",
      "dependencies": {
        "@cloudflare/kv-asset-handler": "0.4.0",
        "@cloudflare/unenv-preset": "2.3.1",
        "blake3-wasm": "2.1.5",
        "esbuild": "0.24.2",
        "miniflare": "4.20250409.0",
        "path-to-regexp": "6.3.0",
        "unenv": "2.0.0-rc.15",
        "workerd": "1.20250409.0"
      },
      "bin": {
        "wrangler": "bin/wrangler.js",
        "wrangler2": "bin/wrangler.js"
      },
      "devDependencies": {
        "@aws-sdk/client-s3": "^3.721.0",
        "@cloudflare/cli": "1.1.1",
        "@cloudflare/eslint-config-worker": "1.1.0",
        "@cloudflare/pages-shared": "^0.13.26",
        "@cloudflare/types": "6.18.4",
        "@cloudflare/workers-shared": "0.17.1",
        "@cloudflare/workers-tsconfig": "0.0.0",
        "@cloudflare/workers-types": "^4.20250409.0",
        "@cspotcode/source-map-support": "0.8.1",
        "@iarna/toml": "^3.0.0",
        "@microsoft/api-extractor": "^7.47.0",
        "@sentry/node": "^7.86.0",
        "@sentry/types": "^7.86.0",
        "@sentry/utils": "^7.86.0",
        "@types/command-exists": "^1.2.0",
        "@types/glob-to-regexp": "^0.4.1",
        "@types/is-ci": "^3.0.0",
        "@types/javascript-time-ago": "^2.0.3",
        "@types/mime": "^3.0.4",
        "@types/minimatch": "^5.1.2",
        "@types/node": "^18.19.75",
        "@types/node-forge": "^1.3.11",
        "@types/prompts": "^2.0.14",
        "@types/resolve": "^1.20.6",
        "@types/shell-quote": "^1.7.2",
        "@types/signal-exit": "^3.0.1",
        "@types/supports-color": "^8.1.1",
        "@types/ws": "^8.5.7",
        "@types/yargs": "^17.0.22",
        "@vitest/ui": "~3.0.8",
        "@webcontainer/env": "^1.1.0",
        "chalk": "^5.2.0",
        "chokidar": "^4.0.1",
        "cli-table3": "^0.6.3",
        "cmd-shim": "^4.1.0",
        "command-exists": "^1.2.9",
        "concurrently": "^8.2.2",
        "date-fns": "^4.1.0",
        "devtools-protocol": "^0.0.1182435",
        "dotenv": "^16.3.1",
        "execa": "^6.1.0",
        "find-up": "^6.3.0",
        "get-port": "^7.0.0",
        "glob-to-regexp": "^0.4.1",
        "https-proxy-agent": "7.0.2",
        "is-ci": "^3.0.1",
        "itty-time": "^1.0.6",
        "javascript-time-ago": "^2.5.4",
        "md5-file": "5.0.0",
        "mime": "^3.0.0",
        "minimatch": "^5.1.0",
        "mock-socket": "^9.3.1",
        "msw": "2.4.3",
        "node-forge": "^1.3.1",
        "open": "^8.4.0",
        "p-queue": "^7.2.0",
        "patch-console": "^1.0.0",
        "pretty-bytes": "^6.0.0",
        "prompts": "^2.4.2",
        "resolve": "^1.22.8",
        "rimraf": "^6.0.1",
        "selfsigned": "^2.0.1",
        "semiver": "^1.1.0",
        "shell-quote": "^1.8.1",
        "signal-exit": "^3.0.7",
        "source-map": "^0.6.1",
        "strip-ansi": "^7.1.0",
        "supports-color": "^9.2.2",
        "timeago.js": "^4.0.2",
        "ts-dedent": "^2.2.0",
        "ts-json-schema-generator": "^1.5.0",
        "typescript": "^5.7.2",
        "undici": "^5.28.5",
        "update-check": "^1.5.4",
        "vitest": "~3.0.8",
        "vitest-websocket-mock": "^0.4.0",
        "ws": "8.18.0",
        "xdg-app-paths": "^8.3.0",
        "xxhash-wasm": "^1.0.1",
        "yargs": "^17.7.2"
      },
      "engines": {
        "node": ">=18.0.0"
      },
      "optionalDependencies": {
        "fsevents": "~2.3.2",
        "sharp": "^0.33.5"
      },
      "peerDependencies": {
        "@cloudflare/workers-types": "^4.20250409.0"
      },
      "peerDependenciesMeta": {
        "@cloudflare/workers-types": {
          "optional": true
        }
      }
    },
    "node_modules/@cloudflare/workers-types": {
      "resolved": "../../node_modules/.pnpm/@cloudflare+workers-types@4.20250313.0/node_modules/@cloudflare/workers-types",
      "link": true
    },
    "node_modules/@prisma/adapter-d1": {
      "resolved": "../../node_modules/.pnpm/@prisma+adapter-d1@6.6.0/node_modules/@prisma/adapter-d1",
      "link": true
    },
    "node_modules/@prisma/client": {
      "resolved": "../../node_modules/.pnpm/@prisma+client@6.6.0_prisma@6.6.0/node_modules/@prisma/client",
      "link": true
    },
    "node_modules/dotenv": {
      "version": "16.5.0",
      "resolved": "https://registry.npmmirror.com/dotenv/-/dotenv-16.5.0.tgz",
      "integrity": "sha512-m/C+AwOAr9/W1UOIZUo232ejMNnJAJtYQjUbHoNTBNTJSvqzzDh7vnrei3o3r3m9blf6ZoDkvcw0VmozNRFJxg==",
      "license": "BSD-2-Clause",
      "engines": {
        "node": ">=12"
      },
      "funding": {
        "url": "https://dotenvx.com"
      }
    },
    "node_modules/hono": {
      "resolved": "../../node_modules/.pnpm/hono@4.7.4/node_modules/hono",
      "link": true
    },
    "node_modules/prisma": {
      "resolved": "../../node_modules/.pnpm/prisma@6.6.0/node_modules/prisma",
      "link": true
    },
    "node_modules/uuid": {
      "version": "11.1.0",
      "resolved": "https://registry.npmmirror.com/uuid/-/uuid-11.1.0.tgz",
      "integrity": "sha512-0/A9rDy9P7cJ+8w1c9WD9V//9Wj15Ce2MPz8Ri6032usz+NfePxx5AcN3bN+r6ZL6jEo066/yNYB3tn4pQEx+A==",
      "funding": [
        "https://github.com/sponsors/broofa",
        "https://github.com/sponsors/ctavan"
      ],
      "license": "MIT",
      "bin": {
        "uuid": "dist/esm/bin/uuid"
      }
    },
    "node_modules/wrangler": {
      "resolved": "../../node_modules/.pnpm/wrangler@4.10.0_@cloudflare+workers-types@4.20250313.0/node_modules/wrangler",
      "link": true
    }
  }
}
